
Microsoft Visual Studio Solution File, Format Version 12.00
Project("{FAE04EC0-301F-11D3-BF4B-00C04F79EFBC}") = "InfectionSim", "InfectionSim\InfectionSim.csproj", "{5AFF10A2-43D9-4E0C-8CF1-98333BE0EEDE}"
EndProject
Global
	GlobalSection(SolutionConfigurationPlatforms) = preSolution
		Debug|Any CPU = Debug|Any CPU
		Release|Any CPU = Release|Any CPU
	EndGlobalSection
	GlobalSection(ProjectConfigurationPlatforms) = postSolution
		{5AFF10A2-43D9-4E0C-8CF1-98333BE0EEDE}.Debug|Any CPU.ActiveCfg = Debug|Any CPU
		{5AFF10A2-43D9-4E0C-8CF1-98333BE0EEDE}.Debug|Any CPU.Build.0 = Debug|Any CPU
		{5AFF10A2-43D9-4E0C-8CF1-98333BE0EEDE}.Release|Any CPU.ActiveCfg = Release|Any CPU
		{5AFF10A2-43D9-4E0C-8CF1-98333BE0EEDE}.Release|Any CPU.Build.0 = Release|Any CPU
	EndGlobalSection
EndGlobal
